
Microsoft Visual Studio Solution File, Format Version 12.00
# Visual Studio Version 16
VisualStudioVersion = 16.0.29009.5
MinimumVisualStudioVersion = 10.0.40219.1
Project("{FAE04EC0-301F-11D3-BF4B-00C04F79EFBC}") = "Capstone2", "Capstone2.csproj", "{50DCB19F-6C21-4EC4-9D08-CE0182A8A8A3}"
EndProject
Global
	GlobalSection(SolutionConfigurationPlatforms) = preSolution
		Debug|Any CPU = Debug|Any CPU
		Release|Any CPU = Release|Any CPU
	EndGlobalSection
	GlobalSection(ProjectConfigurationPlatforms) = postSolution
		{50DCB19F-6C21-4EC4-9D08-CE0182A8A8A3}.Debug|Any CPU.ActiveCfg = Debug|Any CPU
		{50DCB19F-6C21-4EC4-9D08-CE0182A8A8A3}.Debug|Any CPU.Build.0 = Debug|Any CPU
		{50DCB19F-6C21-4EC4-9D08-CE0182A8A8A3}.Release|Any CPU.ActiveCfg = Release|Any CPU
		{50DCB19F-6C21-4EC4-9D08-CE0182A8A8A3}.Release|Any CPU.Build.0 = Release|Any CPU
	EndGlobalSection
	GlobalSection(SolutionProperties) = preSolution
		HideSolutionNode = FALSE
	EndGlobalSection
	GlobalSection(ExtensibilityGlobals) = postSolution
		SolutionGuid = {6661F8DD-3FEE-439B-83A0-2BB4F1D03BF0}
	EndGlobalSection
EndGlobal
